
Microsoft Visual Studio Solution File, Format Version 12.00
# Visual Studio Version 16
VisualStudioVersion = 16.0.29418.71
MinimumVisualStudioVersion = 10.0.40219.1
Project("{FAE04EC0-301F-11D3-BF4B-00C04F79EFBC}") = "LetraDNI", "LetraDNI.csproj", "{3A89B460-8C26-492B-9DA0-66A01DBCD143}"
EndProject
Global
	GlobalSection(SolutionConfigurationPlatforms) = preSolution
		Debug|Any CPU = Debug|Any CPU
		Release|Any CPU = Release|Any CPU
	EndGlobalSection
	GlobalSection(ProjectConfigurationPlatforms) = postSolution
		{3A89B460-8C26-492B-9DA0-66A01DBCD143}.Debug|Any CPU.ActiveCfg = Debug|Any CPU
		{3A89B460-8C26-492B-9DA0-66A01DBCD143}.Debug|Any CPU.Build.0 = Debug|Any CPU
		{3A89B460-8C26-492B-9DA0-66A01DBCD143}.Release|Any CPU.ActiveCfg = Release|Any CPU
		{3A89B460-8C26-492B-9DA0-66A01DBCD143}.Release|Any CPU.Build.0 = Release|Any CPU
	EndGlobalSection
	GlobalSection(SolutionProperties) = preSolution
		HideSolutionNode = FALSE
	EndGlobalSection
	GlobalSection(ExtensibilityGlobals) = postSolution
		SolutionGuid = {862B69A9-1BE1-4A2C-B864-B30CAFB7A7AA}
	EndGlobalSection
EndGlobal
